// !$*UTF8*$!
{
	archiveVersion = 1;
	classes = {
	};
	objectVersion = 55;
	objects = {

/* Begin PBXBuildFile section */
		2D6EDE881E230D1EAAF59F47 /* Pods_ReverseWords.framework in Frameworks */ = {isa = PBXBuildFile; fileRef = 58B4318D782DA013F20FFC89 /* Pods_ReverseWords.framework */; };
		8447C41B274978C500BDB9F7 /* AuthViewController.swift in Sources */ = {isa = PBXBuildFile; fileRef = 8447C41A274978C500BDB9F7 /* AuthViewController.swift */; };
		845782E027495ADC00091A2D /* GoogleService-Info.plist in Resources */ = {isa = PBXBuildFile; fileRef = 845782DF27495ADC00091A2D /* GoogleService-Info.plist */; };
		84582BD72720AACE000F5FE3 /* ReverseString.swift in Sources */ = {isa = PBXBuildFile; fileRef = 84582BD62720AACE000F5FE3 /* ReverseString.swift */; };
		845936522727CCA100D5E385 /* String+Extension.swift in Sources */ = {isa = PBXBuildFile; fileRef = 845936512727CCA100D5E385 /* String+Extension.swift */; };
		846A740A271DED9B0036FBA6 /* SFPRODISPLAYBOLD.OTF in Resources */ = {isa = PBXBuildFile; fileRef = 846A7401271DED9A0036FBA6 /* SFPRODISPLAYBOLD.OTF */; };
		846A740C271DED9B0036FBA6 /* SFPRODISPLAYMEDIUM.OTF in Resources */ = {isa = PBXBuildFile; fileRef = 846A7403271DED9B0036FBA6 /* SFPRODISPLAYMEDIUM.OTF */; };
		846A740E271DED9B0036FBA6 /* SFPRODISPLAYREGULAR.OTF in Resources */ = {isa = PBXBuildFile; fileRef = 846A7405271DED9B0036FBA6 /* SFPRODISPLAYREGULAR.OTF */; };
		846EC23D271B52A400494996 /* Constants.swift in Sources */ = {isa = PBXBuildFile; fileRef = 846EC23C271B52A400494996 /* Constants.swift */; };
		84976FF5272B195E0038F0B2 /* ExclusionRulesModeReverseViewController.swift in Sources */ = {isa = PBXBuildFile; fileRef = 84976FF4272B195E0038F0B2 /* ExclusionRulesModeReverseViewController.swift */; };
		84C296AE2714B6BE00731822 /* AppDelegate.swift in Sources */ = {isa = PBXBuildFile; fileRef = 84C296AD2714B6BE00731822 /* AppDelegate.swift */; };
		84C296B02714B6BE00731822 /* SceneDelegate.swift in Sources */ = {isa = PBXBuildFile; fileRef = 84C296AF2714B6BE00731822 /* SceneDelegate.swift */; };
		84C296B22714B6BE00731822 /* StandartModeReverseViewController.swift in Sources */ = {isa = PBXBuildFile; fileRef = 84C296B12714B6BE00731822 /* StandartModeReverseViewController.swift */; };
		84C296B52714B6BE00731822 /* Main.storyboard in Resources */ = {isa = PBXBuildFile; fileRef = 84C296B32714B6BE00731822 /* Main.storyboard */; };
		84C296B72714B6C100731822 /* Assets.xcassets in Resources */ = {isa = PBXBuildFile; fileRef = 84C296B62714B6C100731822 /* Assets.xcassets */; };
		84C296BA2714B6C100731822 /* LaunchScreen.storyboard in Resources */ = {isa = PBXBuildFile; fileRef = 84C296B82714B6C100731822 /* LaunchScreen.storyboard */; };
		84C296C52714B6C200731822 /* ReverseWordsTests.swift in Sources */ = {isa = PBXBuildFile; fileRef = 84C296C42714B6C200731822 /* ReverseWordsTests.swift */; };
		84C296CF2714B6C200731822 /* ReverseWordsUITests.swift in Sources */ = {isa = PBXBuildFile; fileRef = 84C296CE2714B6C200731822 /* ReverseWordsUITests.swift */; };
		84C296D12714B6C200731822 /* ReverseWordsUITestsLaunchTests.swift in Sources */ = {isa = PBXBuildFile; fileRef = 84C296D02714B6C200731822 /* ReverseWordsUITestsLaunchTests.swift */; };
/* End PBXBuildFile section */

/* Begin PBXContainerItemProxy section */
		84C296C12714B6C200731822 /* PBXContainerItemProxy */ = {
			isa = PBXContainerItemProxy;
			containerPortal = 84C296A22714B6BE00731822 /* Project object */;
			proxyType = 1;
			remoteGlobalIDString = 84C296A92714B6BE00731822;
			remoteInfo = ReverseWords;
		};
		84C296CB2714B6C200731822 /* PBXContainerItemProxy */ = {
			isa = PBXContainerItemProxy;
			containerPortal = 84C296A22714B6BE00731822 /* Project object */;
			proxyType = 1;
			remoteGlobalIDString = 84C296A92714B6BE00731822;
			remoteInfo = ReverseWords;
		};
/* End PBXContainerItemProxy section */

/* Begin PBXFileReference section */
		49648CC5E3E111F274E8C014 /* Pods-ReverseWords.debug.xcconfig */ = {isa = PBXFileReference; includeInIndex = 1; lastKnownFileType = text.xcconfig; name = "Pods-ReverseWords.debug.xcconfig"; path = "Target Support Files/Pods-ReverseWords/Pods-ReverseWords.debug.xcconfig"; sourceTree = "<group>"; };
		58B4318D782DA013F20FFC89 /* Pods_ReverseWords.framework */ = {isa = PBXFileReference; explicitFileType = wrapper.framework; includeInIndex = 0; path = Pods_ReverseWords.framework; sourceTree = BUILT_PRODUCTS_DIR; };
		8447C41A274978C500BDB9F7 /* AuthViewController.swift */ = {isa = PBXFileReference; lastKnownFileType = sourcecode.swift; path = AuthViewController.swift; sourceTree = "<group>"; };
		845782DF27495ADC00091A2D /* GoogleService-Info.plist */ = {isa = PBXFileReference; fileEncoding = 4; lastKnownFileType = text.plist.xml; path = "GoogleService-Info.plist"; sourceTree = "<group>"; };
		84582BD62720AACE000F5FE3 /* ReverseString.swift */ = {isa = PBXFileReference; lastKnownFileType = sourcecode.swift; path = ReverseString.swift; sourceTree = "<group>"; };
		845936512727CCA100D5E385 /* String+Extension.swift */ = {isa = PBXFileReference; lastKnownFileType = sourcecode.swift; path = "String+Extension.swift"; sourceTree = "<group>"; };
		846A7401271DED9A0036FBA6 /* SFPRODISPLAYBOLD.OTF */ = {isa = PBXFileReference; lastKnownFileType = file; path = SFPRODISPLAYBOLD.OTF; sourceTree = "<group>"; };
		846A7403271DED9B0036FBA6 /* SFPRODISPLAYMEDIUM.OTF */ = {isa = PBXFileReference; lastKnownFileType = file; path = SFPRODISPLAYMEDIUM.OTF; sourceTree = "<group>"; };
		846A7405271DED9B0036FBA6 /* SFPRODISPLAYREGULAR.OTF */ = {isa = PBXFileReference; lastKnownFileType = file; path = SFPRODISPLAYREGULAR.OTF; sourceTree = "<group>"; };
		846EC23C271B52A400494996 /* Constants.swift */ = {isa = PBXFileReference; lastKnownFileType = sourcecode.swift; path = Constants.swift; sourceTree = "<group>"; };
		84976FF4272B195E0038F0B2 /* ExclusionRulesModeReverseViewController.swift */ = {isa = PBXFileReference; lastKnownFileType = sourcecode.swift; path = ExclusionRulesModeReverseViewController.swift; sourceTree = "<group>"; };
		84C296AA2714B6BE00731822 /* ReverseWords.app */ = {isa = PBXFileReference; explicitFileType = wrapper.application; includeInIndex = 0; path = ReverseWords.app; sourceTree = BUILT_PRODUCTS_DIR; };
		84C296AD2714B6BE00731822 /* AppDelegate.swift */ = {isa = PBXFileReference; lastKnownFileType = sourcecode.swift; path = AppDelegate.swift; sourceTree = "<group>"; };
		84C296AF2714B6BE00731822 /* SceneDelegate.swift */ = {isa = PBXFileReference; lastKnownFileType = sourcecode.swift; path = SceneDelegate.swift; sourceTree = "<group>"; };
		84C296B12714B6BE00731822 /* StandartModeReverseViewController.swift */ = {isa = PBXFileReference; lastKnownFileType = sourcecode.swift; path = StandartModeReverseViewController.swift; sourceTree = "<group>"; };
		84C296B42714B6BE00731822 /* Base */ = {isa = PBXFileReference; lastKnownFileType = file.storyboard; name = Base; path = Base.lproj/Main.storyboard; sourceTree = "<group>"; };
		84C296B62714B6C100731822 /* Assets.xcassets */ = {isa = PBXFileReference; lastKnownFileType = folder.assetcatalog; path = Assets.xcassets; sourceTree = "<group>"; };
		84C296B92714B6C100731822 /* Base */ = {isa = PBXFileReference; lastKnownFileType = file.storyboard; name = Base; path = Base.lproj/LaunchScreen.storyboard; sourceTree = "<group>"; };
		84C296BB2714B6C100731822 /* Info.plist */ = {isa = PBXFileReference; lastKnownFileType = text.plist.xml; path = Info.plist; sourceTree = "<group>"; };
		84C296C02714B6C200731822 /* ReverseWordsTests.xctest */ = {isa = PBXFileReference; explicitFileType = wrapper.cfbundle; includeInIndex = 0; path = ReverseWordsTests.xctest; sourceTree = BUILT_PRODUCTS_DIR; };
		84C296C42714B6C200731822 /* ReverseWordsTests.swift */ = {isa = PBXFileReference; lastKnownFileType = sourcecode.swift; path = ReverseWordsTests.swift; sourceTree = "<group>"; };
		84C296CA2714B6C200731822 /* ReverseWordsUITests.xctest */ = {isa = PBXFileReference; explicitFileType = wrapper.cfbundle; includeInIndex = 0; path = ReverseWordsUITests.xctest; sourceTree = BUILT_PRODUCTS_DIR; };
		84C296CE2714B6C200731822 /* ReverseWordsUITests.swift */ = {isa = PBXFileReference; lastKnownFileType = sourcecode.swift; path = ReverseWordsUITests.swift; sourceTree = "<group>"; };
		84C296D02714B6C200731822 /* ReverseWordsUITestsLaunchTests.swift */ = {isa = PBXFileReference; lastKnownFileType = sourcecode.swift; path = ReverseWordsUITestsLaunchTests.swift; sourceTree = "<group>"; };
		D14859E6C66E11F8F05FAD42 /* Pods-ReverseWords.release.xcconfig */ = {isa = PBXFileReference; includeInIndex = 1; lastKnownFileType = text.xcconfig; name = "Pods-ReverseWords.release.xcconfig"; path = "Target Support Files/Pods-ReverseWords/Pods-ReverseWords.release.xcconfig"; sourceTree = "<group>"; };
/* End PBXFileReference section */

/* Begin PBXFrameworksBuildPhase section */
		84C296A72714B6BE00731822 /* Frameworks */ = {
			isa = PBXFrameworksBuildPhase;
			buildActionMask = 2147483647;
			files = (
				2D6EDE881E230D1EAAF59F47 /* Pods_ReverseWords.framework in Frameworks */,
			);
			runOnlyForDeploymentPostprocessing = 0;
		};
		84C296BD2714B6C200731822 /* Frameworks */ = {
			isa = PBXFrameworksBuildPhase;
			buildActionMask = 2147483647;
			files = (
			);
			runOnlyForDeploymentPostprocessing = 0;
		};
		84C296C72714B6C200731822 /* Frameworks */ = {
			isa = PBXFrameworksBuildPhase;
			buildActionMask = 2147483647;
			files = (
			);
			runOnlyForDeploymentPostprocessing = 0;
		};
/* End PBXFrameworksBuildPhase section */

/* Begin PBXGroup section */
		8447C419274978AA00BDB9F7 /* AuthViewController */ = {
			isa = PBXGroup;
			children = (
				8447C41A274978C500BDB9F7 /* AuthViewController.swift */,
			);
			path = AuthViewController;
			sourceTree = "<group>";
		};
		846A73FE271DED830036FBA6 /* Fonts */ = {
			isa = PBXGroup;
			children = (
				846A7401271DED9A0036FBA6 /* SFPRODISPLAYBOLD.OTF */,
				846A7403271DED9B0036FBA6 /* SFPRODISPLAYMEDIUM.OTF */,
				846A7405271DED9B0036FBA6 /* SFPRODISPLAYREGULAR.OTF */,
			);
			path = Fonts;
			sourceTree = "<group>";
		};
		84976FEC272B16BB0038F0B2 /* Modules */ = {
			isa = PBXGroup;
			children = (
				8447C419274978AA00BDB9F7 /* AuthViewController */,
				84976FEE272B175A0038F0B2 /* ExclusionRulesModeReverseViewController */,
				84976FED272B16D60038F0B2 /* StandartModeReverseViewController */,
			);
			path = Modules;
			sourceTree = "<group>";
		};
		84976FED272B16D60038F0B2 /* StandartModeReverseViewController */ = {
			isa = PBXGroup;
			children = (
				84976FF0272B181D0038F0B2 /* View */,
				84976FEF272B18130038F0B2 /* Model */,
			);
			path = StandartModeReverseViewController;
			sourceTree = "<group>";
		};
		84976FEE272B175A0038F0B2 /* ExclusionRulesModeReverseViewController */ = {
			isa = PBXGroup;
			children = (
				84976FF4272B195E0038F0B2 /* ExclusionRulesModeReverseViewController.swift */,
			);
			path = ExclusionRulesModeReverseViewController;
			sourceTree = "<group>";
		};
		84976FEF272B18130038F0B2 /* Model */ = {
			isa = PBXGroup;
			children = (
				84582BD62720AACE000F5FE3 /* ReverseString.swift */,
			);
			path = Model;
			sourceTree = "<group>";
		};
		84976FF0272B181D0038F0B2 /* View */ = {
			isa = PBXGroup;
			children = (
				84C296B12714B6BE00731822 /* StandartModeReverseViewController.swift */,
			);
			path = View;
			sourceTree = "<group>";
		};
		84976FF1272B18650038F0B2 /* DefaultFiles */ = {
			isa = PBXGroup;
			children = (
				84C296AD2714B6BE00731822 /* AppDelegate.swift */,
				84C296AF2714B6BE00731822 /* SceneDelegate.swift */,
				84C296B62714B6C100731822 /* Assets.xcassets */,
				84C296B82714B6C100731822 /* LaunchScreen.storyboard */,
			);
			path = DefaultFiles;
			sourceTree = "<group>";
		};
		84976FF2272B18840038F0B2 /* Common */ = {
			isa = PBXGroup;
			children = (
				846EC23C271B52A400494996 /* Constants.swift */,
			);
			path = Common;
			sourceTree = "<group>";
		};
		84976FF3272B189F0038F0B2 /* Extensions */ = {
			isa = PBXGroup;
			children = (
				845936512727CCA100D5E385 /* String+Extension.swift */,
			);
			path = Extensions;
			sourceTree = "<group>";
		};
		84C296A12714B6BE00731822 = {
			isa = PBXGroup;
			children = (
				84C296AC2714B6BE00731822 /* ReverseWords */,
				84C296C32714B6C200731822 /* ReverseWordsTests */,
				84C296CD2714B6C200731822 /* ReverseWordsUITests */,
				84C296AB2714B6BE00731822 /* Products */,
				BD78B00B0A33BEE74ADCDC48 /* Pods */,
				A7E79CB749DDBC1DB9D4BFAB /* Frameworks */,
			);
			sourceTree = "<group>";
		};
		84C296AB2714B6BE00731822 /* Products */ = {
			isa = PBXGroup;
			children = (
				84C296AA2714B6BE00731822 /* ReverseWords.app */,
				84C296C02714B6C200731822 /* ReverseWordsTests.xctest */,
				84C296CA2714B6C200731822 /* ReverseWordsUITests.xctest */,
			);
			name = Products;
			sourceTree = "<group>";
		};
		84C296AC2714B6BE00731822 /* ReverseWords */ = {
			isa = PBXGroup;
			children = (
				84C296BB2714B6C100731822 /* Info.plist */,
				845782DF27495ADC00091A2D /* GoogleService-Info.plist */,
				84976FF3272B189F0038F0B2 /* Extensions */,
				84976FF2272B18840038F0B2 /* Common */,
				84976FF1272B18650038F0B2 /* DefaultFiles */,
				84976FEC272B16BB0038F0B2 /* Modules */,
				846A73FE271DED830036FBA6 /* Fonts */,
				84C296B32714B6BE00731822 /* Main.storyboard */,
			);
			path = ReverseWords;
			sourceTree = "<group>";
		};
		84C296C32714B6C200731822 /* ReverseWordsTests */ = {
			isa = PBXGroup;
			children = (
				84C296C42714B6C200731822 /* ReverseWordsTests.swift */,
			);
			path = ReverseWordsTests;
			sourceTree = "<group>";
		};
		84C296CD2714B6C200731822 /* ReverseWordsUITests */ = {
			isa = PBXGroup;
			children = (
				84C296CE2714B6C200731822 /* ReverseWordsUITests.swift */,
				84C296D02714B6C200731822 /* ReverseWordsUITestsLaunchTests.swift */,
			);
			path = ReverseWordsUITests;
			sourceTree = "<group>";
		};
		A7E79CB749DDBC1DB9D4BFAB /* Frameworks */ = {
			isa = PBXGroup;
			children = (
				58B4318D782DA013F20FFC89 /* Pods_ReverseWords.framework */,
			);
			name = Frameworks;
			sourceTree = "<group>";
		};
		BD78B00B0A33BEE74ADCDC48 /* Pods */ = {
			isa = PBXGroup;
			children = (
				49648CC5E3E111F274E8C014 /* Pods-ReverseWords.debug.xcconfig */,
				D14859E6C66E11F8F05FAD42 /* Pods-ReverseWords.release.xcconfig */,
			);
			path = Pods;
			sourceTree = "<group>";
		};
/* End PBXGroup section */

/* Begin PBXNativeTarget section */
		84C296A92714B6BE00731822 /* ReverseWords */ = {
			isa = PBXNativeTarget;
			buildConfigurationList = 84C296D42714B6C200731822 /* Build configuration list for PBXNativeTarget "ReverseWords" */;
			buildPhases = (
				7DC05BBFE0A891E5F6E90F0F /* [CP] Check Pods Manifest.lock */,
				84C296A62714B6BE00731822 /* Sources */,
				84C296A72714B6BE00731822 /* Frameworks */,
				84C296A82714B6BE00731822 /* Resources */,
				09C804A08B7F855682CF806C /* [CP] Embed Pods Frameworks */,
			);
			buildRules = (
			);
			dependencies = (
			);
			name = ReverseWords;
			productName = ReverseWords;
			productReference = 84C296AA2714B6BE00731822 /* ReverseWords.app */;
			productType = "com.apple.product-type.application";
		};
		84C296BF2714B6C200731822 /* ReverseWordsTests */ = {
			isa = PBXNativeTarget;
			buildConfigurationList = 84C296D72714B6C200731822 /* Build configuration list for PBXNativeTarget "ReverseWordsTests" */;
			buildPhases = (
				84C296BC2714B6C200731822 /* Sources */,
				84C296BD2714B6C200731822 /* Frameworks */,
				84C296BE2714B6C200731822 /* Resources */,
			);
			buildRules = (
			);
			dependencies = (
				84C296C22714B6C200731822 /* PBXTargetDependency */,
			);
			name = ReverseWordsTests;
			productName = ReverseWordsTests;
			productReference = 84C296C02714B6C200731822 /* ReverseWordsTests.xctest */;
			productType = "com.apple.product-type.bundle.unit-test";
		};
		84C296C92714B6C200731822 /* ReverseWordsUITests */ = {
			isa = PBXNativeTarget;
			buildConfigurationList = 84C296DA2714B6C200731822 /* Build configuration list for PBXNativeTarget "ReverseWordsUITests" */;
			buildPhases = (
				84C296C62714B6C200731822 /* Sources */,
				84C296C72714B6C200731822 /* Frameworks */,
				84C296C82714B6C200731822 /* Resources */,
			);
			buildRules = (
			);
			dependencies = (
				84C296CC2714B6C200731822 /* PBXTargetDependency */,
			);
			name = ReverseWordsUITests;
			productName = ReverseWordsUITests;
			productReference = 84C296CA2714B6C200731822 /* ReverseWordsUITests.xctest */;
			productType = "com.apple.product-type.bundle.ui-testing";
		};
/* End PBXNativeTarget section */

/* Begin PBXProject section */
		84C296A22714B6BE00731822 /* Project object */ = {
			isa = PBXProject;
			attributes = {
				BuildIndependentTargetsInParallel = 1;
				LastSwiftUpdateCheck = 1300;
				LastUpgradeCheck = 1300;
				TargetAttributes = {
					84C296A92714B6BE00731822 = {
						CreatedOnToolsVersion = 13.0;
					};
					84C296BF2714B6C200731822 = {
						CreatedOnToolsVersion = 13.0;
						TestTargetID = 84C296A92714B6BE00731822;
					};
					84C296C92714B6C200731822 = {
						CreatedOnToolsVersion = 13.0;
						TestTargetID = 84C296A92714B6BE00731822;
					};
				};
			};
			buildConfigurationList = 84C296A52714B6BE00731822 /* Build configuration list for PBXProject "ReverseWords" */;
			compatibilityVersion = "Xcode 13.0";
			developmentRegion = en;
			hasScannedForEncodings = 0;
			knownRegions = (
				en,
				Base,
			);
			mainGroup = 84C296A12714B6BE00731822;
			productRefGroup = 84C296AB2714B6BE00731822 /* Products */;
			projectDirPath = "";
			projectRoot = "";
			targets = (
				84C296A92714B6BE00731822 /* ReverseWords */,
				84C296BF2714B6C200731822 /* ReverseWordsTests */,
				84C296C92714B6C200731822 /* ReverseWordsUITests */,
			);
		};
/* End PBXProject section */

/* Begin PBXResourcesBuildPhase section */
		84C296A82714B6BE00731822 /* Resources */ = {
			isa = PBXResourcesBuildPhase;
			buildActionMask = 2147483647;
			files = (
				84C296BA2714B6C100731822 /* LaunchScreen.storyboard in Resources */,
				84C296B72714B6C100731822 /* Assets.xcassets in Resources */,
				84C296B52714B6BE00731822 /* Main.storyboard in Resources */,
				846A740A271DED9B0036FBA6 /* SFPRODISPLAYBOLD.OTF in Resources */,
				846A740C271DED9B0036FBA6 /* SFPRODISPLAYMEDIUM.OTF in Resources */,
				846A740E271DED9B0036FBA6 /* SFPRODISPLAYREGULAR.OTF in Resources */,
				845782E027495ADC00091A2D /* GoogleService-Info.plist in Resources */,
			);
			runOnlyForDeploymentPostprocessing = 0;
		};
		84C296BE2714B6C200731822 /* Resources */ = {
			isa = PBXResourcesBuildPhase;
			buildActionMask = 2147483647;
			files = (
			);
			runOnlyForDeploymentPostprocessing = 0;
		};
		84C296C82714B6C200731822 /* Resources */ = {
			isa = PBXResourcesBuildPhase;
			buildActionMask = 2147483647;
			files = (
			);
			runOnlyForDeploymentPostprocessing = 0;
		};
/* End PBXResourcesBuildPhase section */

/* Begin PBXShellScriptBuildPhase section */
		09C804A08B7F855682CF806C /* [CP] Embed Pods Frameworks */ = {
			isa = PBXShellScriptBuildPhase;
			buildActionMask = 2147483647;
			files = (
			);
			inputFileListPaths = (
				"${PODS_ROOT}/Target Support Files/Pods-ReverseWords/Pods-ReverseWords-frameworks-${CONFIGURATION}-input-files.xcfilelist",
			);
			name = "[CP] Embed Pods Frameworks";
			outputFileListPaths = (
				"${PODS_ROOT}/Target Support Files/Pods-ReverseWords/Pods-ReverseWords-frameworks-${CONFIGURATION}-output-files.xcfilelist",
			);
			runOnlyForDeploymentPostprocessing = 0;
			shellPath = /bin/sh;
			shellScript = "\"${PODS_ROOT}/Target Support Files/Pods-ReverseWords/Pods-ReverseWords-frameworks.sh\"\n";
			showEnvVarsInLog = 0;
		};
		7DC05BBFE0A891E5F6E90F0F /* [CP] Check Pods Manifest.lock */ = {
			isa = PBXShellScriptBuildPhase;
			buildActionMask = 2147483647;
			files = (
			);
			inputFileListPaths = (
			);
			inputPaths = (
				"${PODS_PODFILE_DIR_PATH}/Podfile.lock",
				"${PODS_ROOT}/Manifest.lock",
			);
			name = "[CP] Check Pods Manifest.lock";
			outputFileListPaths = (
			);
			outputPaths = (
				"$(DERIVED_FILE_DIR)/Pods-ReverseWords-checkManifestLockResult.txt",
			);
			runOnlyForDeploymentPostprocessing = 0;
			shellPath = /bin/sh;
			shellScript = "diff \"${PODS_PODFILE_DIR_PATH}/Podfile.lock\" \"${PODS_ROOT}/Manifest.lock\" > /dev/null\nif [ $? != 0 ] ; then\n    # print error to STDERR\n    echo \"error: The sandbox is not in sync with the Podfile.lock. Run 'pod install' or update your CocoaPods installation.\" >&2\n    exit 1\nfi\n# This output is used by Xcode 'outputs' to avoid re-running this script phase.\necho \"SUCCESS\" > \"${SCRIPT_OUTPUT_FILE_0}\"\n";
			showEnvVarsInLog = 0;
		};
/* End PBXShellScriptBuildPhase section */

/* Begin PBXSourcesBuildPhase section */
		84C296A62714B6BE00731822 /* Sources */ = {
			isa = PBXSourcesBuildPhase;
			buildActionMask = 2147483647;
			files = (
				84C296B22714B6BE00731822 /* StandartModeReverseViewController.swift in Sources */,
				84C296AE2714B6BE00731822 /* AppDelegate.swift in Sources */,
				84C296B02714B6BE00731822 /* SceneDelegate.swift in Sources */,
				846EC23D271B52A400494996 /* Constants.swift in Sources */,
				8447C41B274978C500BDB9F7 /* AuthViewController.swift in Sources */,
				845936522727CCA100D5E385 /* String+Extension.swift in Sources */,
				84976FF5272B195E0038F0B2 /* ExclusionRulesModeReverseViewController.swift in Sources */,
				84582BD72720AACE000F5FE3 /* ReverseString.swift in Sources */,
			);
			runOnlyForDeploymentPostprocessing = 0;
		};
		84C296BC2714B6C200731822 /* Sources */ = {
			isa = PBXSourcesBuildPhase;
			buildActionMask = 2147483647;
			files = (
				84C296C52714B6C200731822 /* ReverseWordsTests.swift in Sources */,
			);
			runOnlyForDeploymentPostprocessing = 0;
		};
		84C296C62714B6C200731822 /* Sources */ = {
			isa = PBXSourcesBuildPhase;
			buildActionMask = 2147483647;
			files = (
				84C296CF2714B6C200731822 /* ReverseWordsUITests.swift in Sources */,
				84C296D12714B6C200731822 /* ReverseWordsUITestsLaunchTests.swift in Sources */,
			);
			runOnlyForDeploymentPostprocessing = 0;
		};
/* End PBXSourcesBuildPhase section */

/* Begin PBXTargetDependency section */
		84C296C22714B6C200731822 /* PBXTargetDependency */ = {
			isa = PBXTargetDependency;
			target = 84C296A92714B6BE00731822 /* ReverseWords */;
			targetProxy = 84C296C12714B6C200731822 /* PBXContainerItemProxy */;
		};
		84C296CC2714B6C200731822 /* PBXTargetDependency */ = {
			isa = PBXTargetDependency;
			target = 84C296A92714B6BE00731822 /* ReverseWords */;
			targetProxy = 84C296CB2714B6C200731822 /* PBXContainerItemProxy */;
		};
/* End PBXTargetDependency section */

/* Begin PBXVariantGroup section */
		84C296B32714B6BE00731822 /* Main.storyboard */ = {
			isa = PBXVariantGroup;
			children = (
				84C296B42714B6BE00731822 /* Base */,
			);
			name = Main.storyboard;
			sourceTree = "<group>";
		};
		84C296B82714B6C100731822 /* LaunchScreen.storyboard */ = {
			isa = PBXVariantGroup;
			children = (
				84C296B92714B6C100731822 /* Base */,
			);
			name = LaunchScreen.storyboard;
			sourceTree = "<group>";
		};
/* End PBXVariantGroup section */

/* Begin XCBuildConfiguration section */
		84C296D22714B6C200731822 /* Debug */ = {
			isa = XCBuildConfiguration;
			buildSettings = {
				ALWAYS_SEARCH_USER_PATHS = NO;
				CLANG_ANALYZER_NONNULL = YES;
				CLANG_ANALYZER_NUMBER_OBJECT_CONVERSION = YES_AGGRESSIVE;
				CLANG_CXX_LANGUAGE_STANDARD = "gnu++17";
				CLANG_CXX_LIBRARY = "libc++";
				CLANG_ENABLE_MODULES = YES;
				CLANG_ENABLE_OBJC_ARC = YES;
				CLANG_ENABLE_OBJC_WEAK = YES;
				CLANG_WARN_BLOCK_CAPTURE_AUTORELEASING = YES;
				CLANG_WARN_BOOL_CONVERSION = YES;
				CLANG_WARN_COMMA = YES;
				CLANG_WARN_CONSTANT_CONVERSION = YES;
				CLANG_WARN_DEPRECATED_OBJC_IMPLEMENTATIONS = YES;
				CLANG_WARN_DIRECT_OBJC_ISA_USAGE = YES_ERROR;
				CLANG_WARN_DOCUMENTATION_COMMENTS = YES;
				CLANG_WARN_EMPTY_BODY = YES;
				CLANG_WARN_ENUM_CONVERSION = YES;
				CLANG_WARN_INFINITE_RECURSION = YES;
				CLANG_WARN_INT_CONVERSION = YES;
				CLANG_WARN_NON_LITERAL_NULL_CONVERSION = YES;
				CLANG_WARN_OBJC_IMPLICIT_RETAIN_SELF = YES;
				CLANG_WARN_OBJC_LITERAL_CONVERSION = YES;
				CLANG_WARN_OBJC_ROOT_CLASS = YES_ERROR;
				CLANG_WARN_QUOTED_INCLUDE_IN_FRAMEWORK_HEADER = YES;
				CLANG_WARN_RANGE_LOOP_ANALYSIS = YES;
				CLANG_WARN_STRICT_PROTOTYPES = YES;
				CLANG_WARN_SUSPICIOUS_MOVE = YES;
				CLANG_WARN_UNGUARDED_AVAILABILITY = YES_AGGRESSIVE;
				CLANG_WARN_UNREACHABLE_CODE = YES;
				CLANG_WARN__DUPLICATE_METHOD_MATCH = YES;
				COPY_PHASE_STRIP = NO;
				DEBUG_INFORMATION_FORMAT = dwarf;
				ENABLE_STRICT_OBJC_MSGSEND = YES;
				ENABLE_TESTABILITY = YES;
				GCC_C_LANGUAGE_STANDARD = gnu11;
				GCC_DYNAMIC_NO_PIC = NO;
				GCC_NO_COMMON_BLOCKS = YES;
				GCC_OPTIMIZATION_LEVEL = 0;
				GCC_PREPROCESSOR_DEFINITIONS = (
					"DEBUG=1",
					"$(inherited)",
				);
				GCC_WARN_64_TO_32_BIT_CONVERSION = YES;
				GCC_WARN_ABOUT_RETURN_TYPE = YES_ERROR;
				GCC_WARN_UNDECLARED_SELECTOR = YES;
				GCC_WARN_UNINITIALIZED_AUTOS = YES_AGGRESSIVE;
				GCC_WARN_UNUSED_FUNCTION = YES;
				GCC_WARN_UNUSED_VARIABLE = YES;
				IPHONEOS_DEPLOYMENT_TARGET = 15.0;
				MTL_ENABLE_DEBUG_INFO = INCLUDE_SOURCE;
				MTL_FAST_MATH = YES;
				ONLY_ACTIVE_ARCH = YES;
				SDKROOT = iphoneos;
				SWIFT_ACTIVE_COMPILATION_CONDITIONS = DEBUG;
				SWIFT_OPTIMIZATION_LEVEL = "-Onone";
			};
			name = Debug;
		};
		84C296D32714B6C200731822 /* Release */ = {
			isa = XCBuildConfiguration;
			buildSettings = {
				ALWAYS_SEARCH_USER_PATHS = NO;
				CLANG_ANALYZER_NONNULL = YES;
				CLANG_ANALYZER_NUMBER_OBJECT_CONVERSION = YES_AGGRESSIVE;
				CLANG_CXX_LANGUAGE_STANDARD = "gnu++17";
				CLANG_CXX_LIBRARY = "libc++";
				CLANG_ENABLE_MODULES = YES;
				CLANG_ENABLE_OBJC_ARC = YES;
				CLANG_ENABLE_OBJC_WEAK = YES;
				CLANG_WARN_BLOCK_CAPTURE_AUTORELEASING = YES;
				CLANG_WARN_BOOL_CONVERSION = YES;
				CLANG_WARN_COMMA = YES;
				CLANG_WARN_CONSTANT_CONVERSION = YES;
				CLANG_WARN_DEPRECATED_OBJC_IMPLEMENTATIONS = YES;
				CLANG_WARN_DIRECT_OBJC_ISA_USAGE = YES_ERROR;
				CLANG_WARN_DOCUMENTATION_COMMENTS = YES;
				CLANG_WARN_EMPTY_BODY = YES;
				CLANG_WARN_ENUM_CONVERSION = YES;
				CLANG_WARN_INFINITE_RECURSION = YES;
				CLANG_WARN_INT_CONVERSION = YES;
				CLANG_WARN_NON_LITERAL_NULL_CONVERSION = YES;
				CLANG_WARN_OBJC_IMPLICIT_RETAIN_SELF = YES;
				CLANG_WARN_OBJC_LITERAL_CONVERSION = YES;
				CLANG_WARN_OBJC_ROOT_CLASS = YES_ERROR;
				CLANG_WARN_QUOTED_INCLUDE_IN_FRAMEWORK_HEADER = YES;
				CLANG_WARN_RANGE_LOOP_ANALYSIS = YES;
				CLANG_WARN_STRICT_PROTOTYPES = YES;
				CLANG_WARN_SUSPICIOUS_MOVE = YES;
				CLANG_WARN_UNGUARDED_AVAILABILITY = YES_AGGRESSIVE;
				CLANG_WARN_UNREACHABLE_CODE = YES;
				CLANG_WARN__DUPLICATE_METHOD_MATCH = YES;
				COPY_PHASE_STRIP = NO;
				DEBUG_INFORMATION_FORMAT = "dwarf-with-dsym";
				ENABLE_NS_ASSERTIONS = NO;
				ENABLE_STRICT_OBJC_MSGSEND = YES;
				GCC_C_LANGUAGE_STANDARD = gnu11;
				GCC_NO_COMMON_BLOCKS = YES;
				GCC_WARN_64_TO_32_BIT_CONVERSION = YES;
				GCC_WARN_ABOUT_RETURN_TYPE = YES_ERROR;
				GCC_WARN_UNDECLARED_SELECTOR = YES;
				GCC_WARN_UNINITIALIZED_AUTOS = YES_AGGRESSIVE;
				GCC_WARN_UNUSED_FUNCTION = YES;
				GCC_WARN_UNUSED_VARIABLE = YES;
				IPHONEOS_DEPLOYMENT_TARGET = 15.0;
				MTL_ENABLE_DEBUG_INFO = NO;
				MTL_FAST_MATH = YES;
				SDKROOT = iphoneos;
				SWIFT_COMPILATION_MODE = wholemodule;
				SWIFT_OPTIMIZATION_LEVEL = "-O";
				VALIDATE_PRODUCT = YES;
			};
			name = Release;
		};
		84C296D52714B6C200731822 /* Debug */ = {
			isa = XCBuildConfiguration;
			baseConfigurationReference = 49648CC5E3E111F274E8C014 /* Pods-ReverseWords.debug.xcconfig */;
			buildSettings = {
				ASSETCATALOG_COMPILER_APPICON_NAME = AppIcon;
				ASSETCATALOG_COMPILER_GLOBAL_ACCENT_COLOR_NAME = AccentColor;
				CODE_SIGN_STYLE = Automatic;
				CURRENT_PROJECT_VERSION = 1;
				DEVELOPMENT_TEAM = VVT5US76Z7;
				GENERATE_INFOPLIST_FILE = YES;
				INFOPLIST_FILE = ReverseWords/Info.plist;
				INFOPLIST_KEY_UIApplicationSupportsIndirectInputEvents = YES;
				INFOPLIST_KEY_UILaunchStoryboardName = LaunchScreen;
				INFOPLIST_KEY_UIMainStoryboardFile = Main;
				INFOPLIST_KEY_UISupportedInterfaceOrientations = UIInterfaceOrientationPortrait;
				INFOPLIST_KEY_UISupportedInterfaceOrientations_iPad = "UIInterfaceOrientationPortrait UIInterfaceOrientationPortraitUpsideDown UIInterfaceOrientationLandscapeLeft UIInterfaceOrientationLandscapeRight";
				INFOPLIST_KEY_UISupportedInterfaceOrientations_iPhone = "UIInterfaceOrientationPortrait UIInterfaceOrientationLandscapeLeft UIInterfaceOrientationLandscapeRight";
				LD_RUNPATH_SEARCH_PATHS = (
					"$(inherited)",
					"@executable_path/Frameworks",
				);
				MARKETING_VERSION = 1.0;
				PRODUCT_BUNDLE_IDENTIFIER = serhii.pavlichuk.ReverseWords;
				PRODUCT_NAME = "$(TARGET_NAME)";
				SWIFT_EMIT_LOC_STRINGS = YES;
				SWIFT_VERSION = 5.0;
				TARGETED_DEVICE_FAMILY = "1,2";
			};
			name = Debug;
		};
		84C296D62714B6C200731822 /* Release */ = {
			isa = XCBuildConfiguration;
			baseConfigurationReference = D14859E6C66E11F8F05FAD42 /* Pods-ReverseWords.release.xcconfig */;
			buildSettings = {
				ASSETCATALOG_COMPILER_APPICON_NAME = AppIcon;
				ASSETCATALOG_COMPILER_GLOBAL_ACCENT_COLOR_NAME = AccentColor;
				CODE_SIGN_STYLE = Automatic;
				CURRENT_PROJECT_VERSION = 1;
				DEVELOPMENT_TEAM = VVT5US76Z7;
				GENERATE_INFOPLIST_FILE = YES;
				INFOPLIST_FILE = ReverseWords/Info.plist;
				INFOPLIST_KEY_UIApplicationSupportsIndirectInputEvents = YES;
				INFOPLIST_KEY_UILaunchStoryboardName = LaunchScreen;
				INFOPLIST_KEY_UIMainStoryboardFile = Main;
				INFOPLIST_KEY_UISupportedInterfaceOrientations = UIInterfaceOrientationPortrait;
				INFOPLIST_KEY_UISupportedInterfaceOrientations_iPad = "UIInterfaceOrientationPortrait UIInterfaceOrientationPortraitUpsideDown UIInterfaceOrientationLandscapeLeft UIInterfaceOrientationLandscapeRight";
				INFOPLIST_KEY_UISupportedInterfaceOrientations_iPhone = "UIInterfaceOrientationPortrait UIInterfaceOrientationLandscapeLeft UIInterfaceOrientationLandscapeRight";
				LD_RUNPATH_SEARCH_PATHS = (
					"$(inherited)",
					"@executable_path/Frameworks",
				);
				MARKETING_VERSION = 1.0;
				PRODUCT_BUNDLE_IDENTIFIER = serhii.pavlichuk.ReverseWords;
				PRODUCT_NAME = "$(TARGET_NAME)";
				SWIFT_EMIT_LOC_STRINGS = YES;
				SWIFT_VERSION = 5.0;
				TARGETED_DEVICE_FAMILY = "1,2";
			};
			name = Release;
		};
		84C296D82714B6C200731822 /* Debug */ = {
			isa = XCBuildConfiguration;
			buildSettings = {
				ALWAYS_EMBED_SWIFT_STANDARD_LIBRARIES = YES;
				BUNDLE_LOADER = "$(TEST_HOST)";
				CODE_SIGN_STYLE = Automatic;
				CURRENT_PROJECT_VERSION = 1;
				DEVELOPMENT_TEAM = VVT5US76Z7;
				GENERATE_INFOPLIST_FILE = YES;
				IPHONEOS_DEPLOYMENT_TARGET = 15.0;
				LD_RUNPATH_SEARCH_PATHS = (
					"$(inherited)",
					"@executable_path/Frameworks",
					"@loader_path/Frameworks",
				);
				MARKETING_VERSION = 1.0;
				PRODUCT_BUNDLE_IDENTIFIER = serhii.pavlichuk.ReverseWordsTests;
				PRODUCT_NAME = "$(TARGET_NAME)";
				SWIFT_EMIT_LOC_STRINGS = NO;
				SWIFT_VERSION = 5.0;
				TARGETED_DEVICE_FAMILY = "1,2";
				TEST_HOST = "$(BUILT_PRODUCTS_DIR)/ReverseWords.app/ReverseWords";
			};
			name = Debug;
		};
		84C296D92714B6C200731822 /* Release */ = {
			isa = XCBuildConfiguration;
			buildSettings = {
				ALWAYS_EMBED_SWIFT_STANDARD_LIBRARIES = YES;
				BUNDLE_LOADER = "$(TEST_HOST)";
				CODE_SIGN_STYLE = Automatic;
				CURRENT_PROJECT_VERSION = 1;
				DEVELOPMENT_TEAM = VVT5US76Z7;
				GENERATE_INFOPLIST_FILE = YES;
				IPHONEOS_DEPLOYMENT_TARGET = 15.0;
				LD_RUNPATH_SEARCH_PATHS = (
					"$(inherited)",
					"@executable_path/Frameworks",
					"@loader_path/Frameworks",
				);
				MARKETING_VERSION = 1.0;
				PRODUCT_BUNDLE_IDENTIFIER = serhii.pavlichuk.ReverseWordsTests;
				PRODUCT_NAME = "$(TARGET_NAME)";
				SWIFT_EMIT_LOC_STRINGS = NO;
				SWIFT_VERSION = 5.0;
				TARGETED_DEVICE_FAMILY = "1,2";
				TEST_HOST = "$(BUILT_PRODUCTS_DIR)/ReverseWords.app/ReverseWords";
			};
			name = Release;
		};
		84C296DB2714B6C200731822 /* Debug */ = {
			isa = XCBuildConfiguration;
			buildSettings = {
				ALWAYS_EMBED_SWIFT_STANDARD_LIBRARIES = YES;
				CODE_SIGN_STYLE = Automatic;
				CURRENT_PROJECT_VERSION = 1;
				DEVELOPMENT_TEAM = VVT5US76Z7;
				GENERATE_INFOPLIST_FILE = YES;
				LD_RUNPATH_SEARCH_PATHS = (
					"$(inherited)",
					"@executable_path/Frameworks",
					"@loader_path/Frameworks",
				);
				MARKETING_VERSION = 1.0;
				PRODUCT_BUNDLE_IDENTIFIER = serhii.pavlichuk.ReverseWordsUITests;
				PRODUCT_NAME = "$(TARGET_NAME)";
				SWIFT_EMIT_LOC_STRINGS = NO;
				SWIFT_VERSION = 5.0;
				TARGETED_DEVICE_FAMILY = "1,2";
				TEST_TARGET_NAME = ReverseWords;
			};
			name = Debug;
		};
		84C296DC2714B6C200731822 /* Release */ = {
			isa = XCBuildConfiguration;
			buildSettings = {
				ALWAYS_EMBED_SWIFT_STANDARD_LIBRARIES = YES;
				CODE_SIGN_STYLE = Automatic;
				CURRENT_PROJECT_VERSION = 1;
				DEVELOPMENT_TEAM = VVT5US76Z7;
				GENERATE_INFOPLIST_FILE = YES;
				LD_RUNPATH_SEARCH_PATHS = (
					"$(inherited)",
					"@executable_path/Frameworks",
					"@loader_path/Frameworks",
				);
				MARKETING_VERSION = 1.0;
				PRODUCT_BUNDLE_IDENTIFIER = serhii.pavlichuk.ReverseWordsUITests;
				PRODUCT_NAME = "$(TARGET_NAME)";
				SWIFT_EMIT_LOC_STRINGS = NO;
				SWIFT_VERSION = 5.0;
				TARGETED_DEVICE_FAMILY = "1,2";
				TEST_TARGET_NAME = ReverseWords;
			};
			name = Release;
		};
/* End XCBuildConfiguration section */

/* Begin XCConfigurationList section */
		84C296A52714B6BE00731822 /* Build configuration list for PBXProject "ReverseWords" */ = {
			isa = XCConfigurationList;
			buildConfigurations = (
				84C296D22714B6C200731822 /* Debug */,
				84C296D32714B6C200731822 /* Release */,
			);
			defaultConfigurationIsVisible = 0;
			defaultConfigurationName = Release;
		};
		84C296D42714B6C200731822 /* Build configuration list for PBXNativeTarget "ReverseWords" */ = {
			isa = XCConfigurationList;
			buildConfigurations = (
				84C296D52714B6C200731822 /* Debug */,
				84C296D62714B6C200731822 /* Release */,
			);
			defaultConfigurationIsVisible = 0;
			defaultConfigurationName = Release;
		};
		84C296D72714B6C200731822 /* Build configuration list for PBXNativeTarget "ReverseWordsTests" */ = {
			isa = XCConfigurationList;
			buildConfigurations = (
				84C296D82714B6C200731822 /* Debug */,
				84C296D92714B6C200731822 /* Release */,
			);
			defaultConfigurationIsVisible = 0;
			defaultConfigurationName = Release;
		};
		84C296DA2714B6C200731822 /* Build configuration list for PBXNativeTarget "ReverseWordsUITests" */ = {
			isa = XCConfigurationList;
			buildConfigurations = (
				84C296DB2714B6C200731822 /* Debug */,
				84C296DC2714B6C200731822 /* Release */,
			);
			defaultConfigurationIsVisible = 0;
			defaultConfigurationName = Release;
		};
/* End XCConfigurationList section */
	};
	rootObject = 84C296A22714B6BE00731822 /* Project object */;
}
